
Microsoft Visual Studio Solution File, Format Version 12.00
# Visual Studio 15
Project("{FAE04EC0-301F-11D3-BF4B-00C04F79EFBC}") = "Assembly-CSharp", "Assembly-CSharp.csproj", "{9495EBA5-69B6-5A05-019B-2D93AAC11326}"
EndProject
Project("{FAE04EC0-301F-11D3-BF4B-00C04F79EFBC}") = "Assembly-CSharp-firstpass", "Assembly-CSharp-firstpass.csproj", "{27730F8A-8A3E-39C1-5CE0-920F82735650}"
EndProject
Project("{FAE04EC0-301F-11D3-BF4B-00C04F79EFBC}") = "Assembly-CSharp-Editor", "Assembly-CSharp-Editor.csproj", "{3397268D-C5F4-F79D-6377-8AFDB1D8AE1C}"
EndProject
Global
	GlobalSection(SolutionConfigurationPlatforms) = preSolution
		Debug|Any CPU = Debug|Any CPU
		Release|Any CPU = Release|Any CPU
	EndGlobalSection
	GlobalSection(ProjectConfigurationPlatforms) = postSolution
		{9495EBA5-69B6-5A05-019B-2D93AAC11326}.Debug|Any CPU.ActiveCfg = Debug|Any CPU
		{9495EBA5-69B6-5A05-019B-2D93AAC11326}.Debug|Any CPU.Build.0 = Debug|Any CPU
		{9495EBA5-69B6-5A05-019B-2D93AAC11326}.Release|Any CPU.ActiveCfg = Release|Any CPU
		{9495EBA5-69B6-5A05-019B-2D93AAC11326}.Release|Any CPU.Build.0 = Release|Any CPU
		{27730F8A-8A3E-39C1-5CE0-920F82735650}.Debug|Any CPU.ActiveCfg = Debug|Any CPU
		{27730F8A-8A3E-39C1-5CE0-920F82735650}.Debug|Any CPU.Build.0 = Debug|Any CPU
		{27730F8A-8A3E-39C1-5CE0-920F82735650}.Release|Any CPU.ActiveCfg = Release|Any CPU
		{27730F8A-8A3E-39C1-5CE0-920F82735650}.Release|Any CPU.Build.0 = Release|Any CPU
		{3397268D-C5F4-F79D-6377-8AFDB1D8AE1C}.Debug|Any CPU.ActiveCfg = Debug|Any CPU
		{3397268D-C5F4-F79D-6377-8AFDB1D8AE1C}.Debug|Any CPU.Build.0 = Debug|Any CPU
		{3397268D-C5F4-F79D-6377-8AFDB1D8AE1C}.Release|Any CPU.ActiveCfg = Release|Any CPU
		{3397268D-C5F4-F79D-6377-8AFDB1D8AE1C}.Release|Any CPU.Build.0 = Release|Any CPU
	EndGlobalSection
	GlobalSection(SolutionProperties) = preSolution
		HideSolutionNode = FALSE
	EndGlobalSection
EndGlobal
