
Microsoft Visual Studio Solution File, Format Version 12.00
# Visual Studio 15
Project("{FAE04EC0-301F-11D3-BF4B-00C04F79EFBC}") = "MotoGame", "Assembly-CSharp.csproj", "{0DDA3317-F943-0706-E2E0-C0A94DFDDA08}"
EndProject
Project("{FAE04EC0-301F-11D3-BF4B-00C04F79EFBC}") = "MotoGame", "Assembly-CSharp-firstpass.csproj", "{0794A10E-85B7-3036-2992-DCFF6783300F}"
EndProject
Project("{FAE04EC0-301F-11D3-BF4B-00C04F79EFBC}") = "MotoGame", "Assembly-CSharp-Editor.csproj", "{FF46C33B-204B-0C34-6155-F84D561FFD2B}"
EndProject
Project("{FAE04EC0-301F-11D3-BF4B-00C04F79EFBC}") = "MotoGame", "Assembly-CSharp-Editor-firstpass.csproj", "{2DEC352F-F6ED-3D93-FBEA-FFF9001111BD}"
EndProject
Global
	GlobalSection(SolutionConfigurationPlatforms) = preSolution
		Debug|Any CPU = Debug|Any CPU
		Release|Any CPU = Release|Any CPU
	EndGlobalSection
	GlobalSection(ProjectConfigurationPlatforms) = postSolution
		{0DDA3317-F943-0706-E2E0-C0A94DFDDA08}.Debug|Any CPU.ActiveCfg = Debug|Any CPU
		{0DDA3317-F943-0706-E2E0-C0A94DFDDA08}.Debug|Any CPU.Build.0 = Debug|Any CPU
		{0DDA3317-F943-0706-E2E0-C0A94DFDDA08}.Release|Any CPU.ActiveCfg = Release|Any CPU
		{0DDA3317-F943-0706-E2E0-C0A94DFDDA08}.Release|Any CPU.Build.0 = Release|Any CPU
		{0794A10E-85B7-3036-2992-DCFF6783300F}.Debug|Any CPU.ActiveCfg = Debug|Any CPU
		{0794A10E-85B7-3036-2992-DCFF6783300F}.Debug|Any CPU.Build.0 = Debug|Any CPU
		{0794A10E-85B7-3036-2992-DCFF6783300F}.Release|Any CPU.ActiveCfg = Release|Any CPU
		{0794A10E-85B7-3036-2992-DCFF6783300F}.Release|Any CPU.Build.0 = Release|Any CPU
		{FF46C33B-204B-0C34-6155-F84D561FFD2B}.Debug|Any CPU.ActiveCfg = Debug|Any CPU
		{FF46C33B-204B-0C34-6155-F84D561FFD2B}.Debug|Any CPU.Build.0 = Debug|Any CPU
		{FF46C33B-204B-0C34-6155-F84D561FFD2B}.Release|Any CPU.ActiveCfg = Release|Any CPU
		{FF46C33B-204B-0C34-6155-F84D561FFD2B}.Release|Any CPU.Build.0 = Release|Any CPU
		{2DEC352F-F6ED-3D93-FBEA-FFF9001111BD}.Debug|Any CPU.ActiveCfg = Debug|Any CPU
		{2DEC352F-F6ED-3D93-FBEA-FFF9001111BD}.Debug|Any CPU.Build.0 = Debug|Any CPU
		{2DEC352F-F6ED-3D93-FBEA-FFF9001111BD}.Release|Any CPU.ActiveCfg = Release|Any CPU
		{2DEC352F-F6ED-3D93-FBEA-FFF9001111BD}.Release|Any CPU.Build.0 = Release|Any CPU
	EndGlobalSection
	GlobalSection(SolutionProperties) = preSolution
		HideSolutionNode = FALSE
	EndGlobalSection
EndGlobal
